# THIS IS AN AUTOGENERATED FILE. DO NOT EDIT THIS FILE DIRECTLY.
# yarn lockfile v1


"@activeadmin/activeadmin@4.0.0-beta13":
  version "4.0.0-beta13"
  resolved "https://registry.yarnpkg.com/@activeadmin/activeadmin/-/activeadmin-4.0.0-beta13.tgz#0570382864816835b4b87fd016f69642735efe53"
  integrity sha512-mujRKPjgO4Rx8Zw0Yq9OiMl9udM9CFeqNljNNbHKijvM1kRIFRngVGnWhnQ1cZANhVM8BAGIp2vEm0ROenemrw==
  dependencies:
    "@rails/ujs" "7.1.400"
    flowbite "2.3.0"

"@popperjs/core@^2.9.3":
  version "2.11.8"
  resolved "https://registry.yarnpkg.com/@popperjs/core/-/core-2.11.8.tgz#6b79032e760a0899cd4204710beede972a3a185f"
  integrity sha512-P1st0aksCrn9sGZhp8GMYwBnQsbvAWsZAX44oXNNvLHGqAOcoVxmjZiohstwQ7SqKnbR47akdNi+uleWD8+g6A==

"@rails/ujs@7.1.400":
  version "7.1.400"
  resolved "https://registry.yarnpkg.com/@rails/ujs/-/ujs-7.1.400.tgz#b2a76bdccb5197b9e866954536106386c87cfab5"
  integrity sha512-YwvXm3BR5tn+VCAKYGycLejMRVZE3Ionj5gFjEeGXCZnI0Rpi+7dKpmyu90kdUY7dRUFpHTdu9zZceEzFLl38w==

flowbite@2.3.0:
  version "2.3.0"
  resolved "https://registry.yarnpkg.com/flowbite/-/flowbite-2.3.0.tgz#0730e35d8b0d1dcdea26bb27d848bd9c0141cde1"
  integrity sha512-pm3JRo8OIJHGfFYWgaGpPv8E+UdWy0Z3gEAGufw+G/1dusaU/P1zoBLiQpf2/+bYAi+GBQtPVG86KYlV0W+AFQ==
  dependencies:
    "@popperjs/core" "^2.9.3"
    mini-svg-data-uri "^1.4.3"

mini-svg-data-uri@^1.4.3:
  version "1.4.4"
  resolved "https://registry.yarnpkg.com/mini-svg-data-uri/-/mini-svg-data-uri-1.4.4.tgz#8ab0aabcdf8c29ad5693ca595af19dd2ead09939"
  integrity sha512-r9deDe9p5FJUPZAk3A59wGH7Ii9YrjjWw0jmw/liSbHl2CHiyXj6FcDXDu2K3TjVAXqiJdaw3xxwlZZr9E6nHg==
